
Microsoft Visual Studio Solution File, Format Version 12.00
# Visual Studio Version 16
VisualStudioVersion = 16.0.31112.23
MinimumVisualStudioVersion = 10.0.40219.1
Project("{8BC9CEB8-8B4A-11D0-8D11-00A0C91BC942}") = "Algorithms-BFS", "Algorithms-BFS\Algorithms-BFS.vcxproj", "{A5621583-93C8-4C27-8E91-6DC81F985F03}"
EndProject
Global
	GlobalSection(SolutionConfigurationPlatforms) = preSolution
		Debug|x64 = Debug|x64
		Debug|x86 = Debug|x86
		Release|x64 = Release|x64
		Release|x86 = Release|x86
	EndGlobalSection
	GlobalSection(ProjectConfigurationPlatforms) = postSolution
		{A5621583-93C8-4C27-8E91-6DC81F985F03}.Debug|x64.ActiveCfg = Debug|x64
		{A5621583-93C8-4C27-8E91-6DC81F985F03}.Debug|x64.Build.0 = Debug|x64
		{A5621583-93C8-4C27-8E91-6DC81F985F03}.Debug|x86.ActiveCfg = Debug|Win32
		{A5621583-93C8-4C27-8E91-6DC81F985F03}.Debug|x86.Build.0 = Debug|Win32
		{A5621583-93C8-4C27-8E91-6DC81F985F03}.Release|x64.ActiveCfg = Release|x64
		{A5621583-93C8-4C27-8E91-6DC81F985F03}.Release|x64.Build.0 = Release|x64
		{A5621583-93C8-4C27-8E91-6DC81F985F03}.Release|x86.ActiveCfg = Release|Win32
		{A5621583-93C8-4C27-8E91-6DC81F985F03}.Release|x86.Build.0 = Release|Win32
	EndGlobalSection
	GlobalSection(SolutionProperties) = preSolution
		HideSolutionNode = FALSE
	EndGlobalSection
	GlobalSection(ExtensibilityGlobals) = postSolution
		SolutionGuid = {8FE6298A-6C45-442B-9874-652C21C36EB0}
	EndGlobalSection
EndGlobal
